{
  "version": "5",
  "specifiers": {
    "jsr:@b-fuze/deno-dom@~0.1.56": "0.1.56",
    "jsr:@badrap/valita@~0.4.5": "0.4.6",
    "jsr:@denosaurs/plug@1.1.0": "1.1.0",
    "jsr:@hono/hono@^4.8.4": "4.9.0",
    "jsr:@std/assert@1": "1.0.13",
    "jsr:@std/encoding@1": "1.0.10",
    "jsr:@std/fmt@1": "1.0.8",
    "jsr:@std/fs@1": "1.0.19",
    "jsr:@std/internal@^1.0.6": "1.0.10",
    "jsr:@std/internal@^1.0.9": "1.0.10",
    "jsr:@std/path@1": "1.1.1",
    "jsr:@std/path@^1.1.1": "1.1.1",
    "npm:@gorhill/ubo-core@~0.1.30": "0.1.30",
    "npm:@mozilla/readability@0.6": "0.6.0",
    "npm:@types/node@*": "22.15.15",
    "npm:stopword@*": "3.1.5",
    "npm:stopword@^3.1.5": "3.1.5"
  },
  "jsr": {
    "@b-fuze/deno-dom@0.1.56": {
      "integrity": "8030e2dc1d8750f1682b53462ab893d9c3470f2287feecbe22f44a88c54ab148",
      "dependencies": [
        "jsr:@denosaurs/plug"
      ]
    },
    "@badrap/valita@0.4.5": {
      "integrity": "3185a5261c998fe70dc642755755b9d040382cca564cfb1f9730bbd03a4161fc"
    },
    "@badrap/valita@0.4.6": {
      "integrity": "969eb9bde94e6f4b6c922b8167bfd3f38815d85f992ae964fb027ab10720625d"
    },
    "@denosaurs/plug@1.1.0": {
      "integrity": "eb2f0b7546c7bca2000d8b0282c54d50d91cf6d75cb26a80df25a6de8c4bc044",
      "dependencies": [
        "jsr:@std/encoding",
        "jsr:@std/fmt",
        "jsr:@std/fs",
        "jsr:@std/path@1"
      ]
    },
    "@hono/hono@4.8.4": {
      "integrity": "dabc0ea1185040fc1e89abfe29906d9e3dd425a4c40f903f9ead78c48917da06"
    },
    "@hono/hono@4.9.0": {
      "integrity": "49df671bca96af6ab7899ea5ec1f4776b43c4cf864e472affe847bed3bb6b9a1"
    },
    "@std/assert@1.0.13": {
      "integrity": "ae0d31e41919b12c656c742b22522c32fb26ed0cba32975cb0de2a273cb68b29",
      "dependencies": [
        "jsr:@std/internal@^1.0.6"
      ]
    },
    "@std/encoding@1.0.7": {
      "integrity": "f631247c1698fef289f2de9e2a33d571e46133b38d042905e3eac3715030a82d"
    },
    "@std/encoding@1.0.10": {
      "integrity": "8783c6384a2d13abd5e9e87a7ae0520a30e9f56aeeaa3bdf910a3eaaf5c811a1"
    },
    "@std/fmt@1.0.8": {
      "integrity": "71e1fc498787e4434d213647a6e43e794af4fd393ef8f52062246e06f7e372b7"
    },
    "@std/fs@1.0.19": {
      "integrity": "051968c2b1eae4d2ea9f79a08a3845740ef6af10356aff43d3e2ef11ed09fb06",
      "dependencies": [
        "jsr:@std/internal@^1.0.9",
        "jsr:@std/path@^1.1.1"
      ]
    },
    "@std/internal@1.0.9": {
      "integrity": "bdfb97f83e4db7a13e8faab26fb1958d1b80cc64366501af78a0aee151696eb8"
    },
    "@std/internal@1.0.10": {
      "integrity": "e3be62ce42cab0e177c27698e5d9800122f67b766a0bea6ca4867886cbde8cf7"
    },
    "@std/path@1.0.8": {
      "integrity": "548fa456bb6a04d3c1a1e7477986b6cffbce95102d0bb447c67c4ee70e0364be"
    },
    "@std/path@1.1.1": {
      "integrity": "fe00026bd3a7e6a27f73709b83c607798be40e20c81dde655ce34052fd82ec76",
      "dependencies": [
        "jsr:@std/internal@^1.0.9"
      ]
    }
  },
  "npm": {
    "@gorhill/ubo-core@0.1.30": {
      "integrity": "sha512-0QtDqjP7r7bQbiLO67ojEYkoaOyWeYy6heCOfkpygUfpYf/+iRfgM+ceCXSOsPXpNLgZg3aKqlD4LTxBw6WjNw=="
    },
    "@mozilla/readability@0.6.0": {
      "integrity": "sha512-juG5VWh4qAivzTAeMzvY9xs9HY5rAcr2E4I7tiSSCokRFi7XIZCAu92ZkSTsIj1OPceCifL3cpfteP3pDT9/QQ=="
    },
    "@types/node@22.15.15": {
      "integrity": "sha512-R5muMcZob3/Jjchn5LcO8jdKwSCbzqmPB6ruBxMcf9kbxtniZHP327s6C37iOfuw8mbKK3cAQa7sEl7afLrQ8A==",
      "dependencies": [
        "undici-types"
      ]
    },
    "stopword@3.1.5": {
      "integrity": "sha512-OgLYGVFCNa430WOrj9tYZhQge5yg6vd6JsKredveAqEhdLVQkfrpnQIGjx0L9lLqzL4Kq4J8yNTcfQR/MpBwhg=="
    },
    "undici-types@6.21.0": {
      "integrity": "sha512-iwDZqg0QAGrg9Rav5H4n0M64c3mkR59cJ6wQp+7C4nI0gsmExaedaYLNO44eT4AtBBwjbTiGPMlt2Md0T9H9JQ=="
    }
  },
  "workspace": {
    "dependencies": [
      "jsr:@b-fuze/deno-dom@~0.1.56",
      "jsr:@badrap/valita@~0.4.5",
      "jsr:@hono/hono@^4.8.4",
      "jsr:@std/assert@1",
      "npm:@gorhill/ubo-core@~0.1.30",
      "npm:@mozilla/readability@0.6",
      "npm:stopword@^3.1.5"
    ]
  }
}
