{
  "version": "5",
  "specifiers": {
    "jsr:@badrap/valita@~0.4.5": "0.4.5",
    "jsr:@hono/hono@^4.8.4": "4.8.4",
    "jsr:@std/assert@1": "1.0.13",
    "jsr:@std/internal@^1.0.6": "1.0.9",
    "npm:@types/node@*": "22.15.15"
  },
  "jsr": {
    "@badrap/valita@0.4.5": {
      "integrity": "3185a5261c998fe70dc642755755b9d040382cca564cfb1f9730bbd03a4161fc"
    },
    "@hono/hono@4.8.4": {
      "integrity": "dabc0ea1185040fc1e89abfe29906d9e3dd425a4c40f903f9ead78c48917da06"
    },
    "@std/assert@1.0.13": {
      "integrity": "ae0d31e41919b12c656c742b22522c32fb26ed0cba32975cb0de2a273cb68b29",
      "dependencies": [
        "jsr:@std/internal"
      ]
    },
    "@std/internal@1.0.9": {
      "integrity": "bdfb97f83e4db7a13e8faab26fb1958d1b80cc64366501af78a0aee151696eb8"
    }
  },
  "npm": {
    "@types/node@22.15.15": {
      "integrity": "sha512-R5muMcZob3/Jjchn5LcO8jdKwSCbzqmPB6ruBxMcf9kbxtniZHP327s6C37iOfuw8mbKK3cAQa7sEl7afLrQ8A==",
      "dependencies": [
        "undici-types"
      ]
    },
    "undici-types@6.21.0": {
      "integrity": "sha512-iwDZqg0QAGrg9Rav5H4n0M64c3mkR59cJ6wQp+7C4nI0gsmExaedaYLNO44eT4AtBBwjbTiGPMlt2Md0T9H9JQ=="
    }
  },
  "workspace": {
    "dependencies": [
      "jsr:@badrap/valita@~0.4.5",
      "jsr:@hono/hono@^4.8.4",
      "jsr:@std/assert@1"
    ]
  }
}
